// !$*UTF8*$!
{
	archiveVersion = 1;
	classes = {
	};
	objectVersion = 46;
	objects = {

/* Begin PBXBuildFile section */
		45BF6C451D2E223D00325681 /* AppDelegate.swift in Sources */ = {isa = PBXBuildFile; fileRef = 45BF6C441D2E223D00325681 /* AppDelegate.swift */; };
		45BF6C471D2E223D00325681 /* ViewController.swift in Sources */ = {isa = PBXBuildFile; fileRef = 45BF6C461D2E223D00325681 /* ViewController.swift */; };
		45BF6C4A1D2E223D00325681 /* Main.storyboard in Resources */ = {isa = PBXBuildFile; fileRef = 45BF6C481D2E223D00325681 /* Main.storyboard */; };
		45BF6C4C1D2E223D00325681 /* Assets.xcassets in Resources */ = {isa = PBXBuildFile; fileRef = 45BF6C4B1D2E223D00325681 /* Assets.xcassets */; };
		45BF6C4F1D2E223D00325681 /* LaunchScreen.storyboard in Resources */ = {isa = PBXBuildFile; fileRef = 45BF6C4D1D2E223D00325681 /* LaunchScreen.storyboard */; };
		45BF6C581D2E228900325681 /* ModelSegue.swift in Sources */ = {isa = PBXBuildFile; fileRef = 45BF6C571D2E228900325681 /* ModelSegue.swift */; };
		45BF6C5A1D2E229100325681 /* CircularSegue.swift in Sources */ = {isa = PBXBuildFile; fileRef = 45BF6C591D2E229100325681 /* CircularSegue.swift */; };
		45BF6C5C1D2E22A400325681 /* TransitioningAnimator.swift in Sources */ = {isa = PBXBuildFile; fileRef = 45BF6C5B1D2E22A400325681 /* TransitioningAnimator.swift */; };
		45BF6C5E1D2E22C200325681 /* Helper.swift in Sources */ = {isa = PBXBuildFile; fileRef = 45BF6C5D1D2E22C200325681 /* Helper.swift */; };
		45BF6C771D2E51C500325681 /* CoverVerticalSegue.swift in Sources */ = {isa = PBXBuildFile; fileRef = 45BF6C761D2E51C500325681 /* CoverVerticalSegue.swift */; };
		45BF6C861D2F616C00325681 /* GravitySegue.swift in Sources */ = {isa = PBXBuildFile; fileRef = 45BF6C851D2F616C00325681 /* GravitySegue.swift */; };
		45BF6C881D2F6F9D00325681 /* Queue.swift in Sources */ = {isa = PBXBuildFile; fileRef = 45BF6C871D2F6F9D00325681 /* Queue.swift */; };
/* End PBXBuildFile section */

/* Begin PBXFileReference section */
		45BF6C411D2E223D00325681 /* CustomSegue.app */ = {isa = PBXFileReference; explicitFileType = wrapper.application; includeInIndex = 0; path = CustomSegue.app; sourceTree = BUILT_PRODUCTS_DIR; };
		45BF6C441D2E223D00325681 /* AppDelegate.swift */ = {isa = PBXFileReference; lastKnownFileType = sourcecode.swift; path = AppDelegate.swift; sourceTree = "<group>"; };
		45BF6C461D2E223D00325681 /* ViewController.swift */ = {isa = PBXFileReference; lastKnownFileType = sourcecode.swift; path = ViewController.swift; sourceTree = "<group>"; };
		45BF6C491D2E223D00325681 /* Base */ = {isa = PBXFileReference; lastKnownFileType = file.storyboard; name = Base; path = Base.lproj/Main.storyboard; sourceTree = "<group>"; };
		45BF6C4B1D2E223D00325681 /* Assets.xcassets */ = {isa = PBXFileReference; lastKnownFileType = folder.assetcatalog; path = Assets.xcassets; sourceTree = "<group>"; };
		45BF6C4E1D2E223D00325681 /* Base */ = {isa = PBXFileReference; lastKnownFileType = file.storyboard; name = Base; path = Base.lproj/LaunchScreen.storyboard; sourceTree = "<group>"; };
		45BF6C501D2E223D00325681 /* Info.plist */ = {isa = PBXFileReference; lastKnownFileType = text.plist.xml; path = Info.plist; sourceTree = "<group>"; };
		45BF6C571D2E228900325681 /* ModelSegue.swift */ = {isa = PBXFileReference; fileEncoding = 4; lastKnownFileType = sourcecode.swift; path = ModelSegue.swift; sourceTree = "<group>"; };
		45BF6C591D2E229100325681 /* CircularSegue.swift */ = {isa = PBXFileReference; fileEncoding = 4; lastKnownFileType = sourcecode.swift; path = CircularSegue.swift; sourceTree = "<group>"; };
		45BF6C5B1D2E22A400325681 /* TransitioningAnimator.swift */ = {isa = PBXFileReference; fileEncoding = 4; lastKnownFileType = sourcecode.swift; path = TransitioningAnimator.swift; sourceTree = "<group>"; };
		45BF6C5D1D2E22C200325681 /* Helper.swift */ = {isa = PBXFileReference; fileEncoding = 4; lastKnownFileType = sourcecode.swift; path = Helper.swift; sourceTree = "<group>"; };
		45BF6C761D2E51C500325681 /* CoverVerticalSegue.swift */ = {isa = PBXFileReference; fileEncoding = 4; lastKnownFileType = sourcecode.swift; path = CoverVerticalSegue.swift; sourceTree = "<group>"; };
		45BF6C851D2F616C00325681 /* GravitySegue.swift */ = {isa = PBXFileReference; fileEncoding = 4; lastKnownFileType = sourcecode.swift; path = GravitySegue.swift; sourceTree = "<group>"; };
		45BF6C871D2F6F9D00325681 /* Queue.swift */ = {isa = PBXFileReference; fileEncoding = 4; lastKnownFileType = sourcecode.swift; path = Queue.swift; sourceTree = "<group>"; };
/* End PBXFileReference section */

/* Begin PBXFrameworksBuildPhase section */
		45BF6C3E1D2E223D00325681 /* Frameworks */ = {
			isa = PBXFrameworksBuildPhase;
			buildActionMask = 2147483647;
			files = (
			);
			runOnlyForDeploymentPostprocessing = 0;
		};
/* End PBXFrameworksBuildPhase section */

/* Begin PBXGroup section */
		45BF6C381D2E223D00325681 = {
			isa = PBXGroup;
			children = (
				45BF6C431D2E223D00325681 /* CustomSegue */,
				45BF6C421D2E223D00325681 /* Products */,
			);
			sourceTree = "<group>";
		};
		45BF6C421D2E223D00325681 /* Products */ = {
			isa = PBXGroup;
			children = (
				45BF6C411D2E223D00325681 /* CustomSegue.app */,
			);
			name = Products;
			sourceTree = "<group>";
		};
		45BF6C431D2E223D00325681 /* CustomSegue */ = {
			isa = PBXGroup;
			children = (
				45BF6C751D2E511C00325681 /* Animator */,
				45BF6C481D2E223D00325681 /* Main.storyboard */,
				45BF6C461D2E223D00325681 /* ViewController.swift */,
				45BF6C561D2E224900325681 /* Supporting Files */,
			);
			path = CustomSegue;
			sourceTree = "<group>";
		};
		45BF6C561D2E224900325681 /* Supporting Files */ = {
			isa = PBXGroup;
			children = (
				45BF6C441D2E223D00325681 /* AppDelegate.swift */,
				45BF6C4B1D2E223D00325681 /* Assets.xcassets */,
				45BF6C4D1D2E223D00325681 /* LaunchScreen.storyboard */,
				45BF6C501D2E223D00325681 /* Info.plist */,
			);
			name = "Supporting Files";
			sourceTree = "<group>";
		};
		45BF6C751D2E511C00325681 /* Animator */ = {
			isa = PBXGroup;
			children = (
				45BF6C851D2F616C00325681 /* GravitySegue.swift */,
				45BF6C761D2E51C500325681 /* CoverVerticalSegue.swift */,
				45BF6C591D2E229100325681 /* CircularSegue.swift */,
				45BF6C571D2E228900325681 /* ModelSegue.swift */,
				45BF6C5B1D2E22A400325681 /* TransitioningAnimator.swift */,
				45BF6C5D1D2E22C200325681 /* Helper.swift */,
				45BF6C871D2F6F9D00325681 /* Queue.swift */,
			);
			path = Animator;
			sourceTree = "<group>";
		};
/* End PBXGroup section */

/* Begin PBXNativeTarget section */
		45BF6C401D2E223D00325681 /* CustomSegue */ = {
			isa = PBXNativeTarget;
			buildConfigurationList = 45BF6C531D2E223D00325681 /* Build configuration list for PBXNativeTarget "CustomSegue" */;
			buildPhases = (
				45BF6C3D1D2E223D00325681 /* Sources */,
				45BF6C3E1D2E223D00325681 /* Frameworks */,
				45BF6C3F1D2E223D00325681 /* Resources */,
			);
			buildRules = (
			);
			dependencies = (
			);
			name = CustomSegue;
			productName = CustomSegue;
			productReference = 45BF6C411D2E223D00325681 /* CustomSegue.app */;
			productType = "com.apple.product-type.application";
		};
/* End PBXNativeTarget section */

/* Begin PBXProject section */
		45BF6C391D2E223D00325681 /* Project object */ = {
			isa = PBXProject;
			attributes = {
				LastSwiftUpdateCheck = 0730;
				LastUpgradeCheck = 0730;
				ORGANIZATIONNAME = LuoJie;
				TargetAttributes = {
					45BF6C401D2E223D00325681 = {
						CreatedOnToolsVersion = 7.3;
					};
				};
			};
			buildConfigurationList = 45BF6C3C1D2E223D00325681 /* Build configuration list for PBXProject "CustomSegue" */;
			compatibilityVersion = "Xcode 3.2";
			developmentRegion = English;
			hasScannedForEncodings = 0;
			knownRegions = (
				en,
				Base,
			);
			mainGroup = 45BF6C381D2E223D00325681;
			productRefGroup = 45BF6C421D2E223D00325681 /* Products */;
			projectDirPath = "";
			projectRoot = "";
			targets = (
				45BF6C401D2E223D00325681 /* CustomSegue */,
			);
		};
/* End PBXProject section */

/* Begin PBXResourcesBuildPhase section */
		45BF6C3F1D2E223D00325681 /* Resources */ = {
			isa = PBXResourcesBuildPhase;
			buildActionMask = 2147483647;
			files = (
				45BF6C4F1D2E223D00325681 /* LaunchScreen.storyboard in Resources */,
				45BF6C4C1D2E223D00325681 /* Assets.xcassets in Resources */,
				45BF6C4A1D2E223D00325681 /* Main.storyboard in Resources */,
			);
			runOnlyForDeploymentPostprocessing = 0;
		};
/* End PBXResourcesBuildPhase section */

/* Begin PBXSourcesBuildPhase section */
		45BF6C3D1D2E223D00325681 /* Sources */ = {
			isa = PBXSourcesBuildPhase;
			buildActionMask = 2147483647;
			files = (
				45BF6C771D2E51C500325681 /* CoverVerticalSegue.swift in Sources */,
				45BF6C5A1D2E229100325681 /* CircularSegue.swift in Sources */,
				45BF6C471D2E223D00325681 /* ViewController.swift in Sources */,
				45BF6C451D2E223D00325681 /* AppDelegate.swift in Sources */,
				45BF6C861D2F616C00325681 /* GravitySegue.swift in Sources */,
				45BF6C5C1D2E22A400325681 /* TransitioningAnimator.swift in Sources */,
				45BF6C581D2E228900325681 /* ModelSegue.swift in Sources */,
				45BF6C881D2F6F9D00325681 /* Queue.swift in Sources */,
				45BF6C5E1D2E22C200325681 /* Helper.swift in Sources */,
			);
			runOnlyForDeploymentPostprocessing = 0;
		};
/* End PBXSourcesBuildPhase section */

/* Begin PBXVariantGroup section */
		45BF6C481D2E223D00325681 /* Main.storyboard */ = {
			isa = PBXVariantGroup;
			children = (
				45BF6C491D2E223D00325681 /* Base */,
			);
			name = Main.storyboard;
			sourceTree = "<group>";
		};
		45BF6C4D1D2E223D00325681 /* LaunchScreen.storyboard */ = {
			isa = PBXVariantGroup;
			children = (
				45BF6C4E1D2E223D00325681 /* Base */,
			);
			name = LaunchScreen.storyboard;
			sourceTree = "<group>";
		};
/* End PBXVariantGroup section */

/* Begin XCBuildConfiguration section */
		45BF6C511D2E223D00325681 /* Debug */ = {
			isa = XCBuildConfiguration;
			buildSettings = {
				ALWAYS_SEARCH_USER_PATHS = NO;
				CLANG_ANALYZER_NONNULL = YES;
				CLANG_CXX_LANGUAGE_STANDARD = "gnu++0x";
				CLANG_CXX_LIBRARY = "libc++";
				CLANG_ENABLE_MODULES = YES;
				CLANG_ENABLE_OBJC_ARC = YES;
				CLANG_WARN_BOOL_CONVERSION = YES;
				CLANG_WARN_CONSTANT_CONVERSION = YES;
				CLANG_WARN_DIRECT_OBJC_ISA_USAGE = YES_ERROR;
				CLANG_WARN_EMPTY_BODY = YES;
				CLANG_WARN_ENUM_CONVERSION = YES;
				CLANG_WARN_INT_CONVERSION = YES;
				CLANG_WARN_OBJC_ROOT_CLASS = YES_ERROR;
				CLANG_WARN_UNREACHABLE_CODE = YES;
				CLANG_WARN__DUPLICATE_METHOD_MATCH = YES;
				"CODE_SIGN_IDENTITY[sdk=iphoneos*]" = "iPhone Developer";
				COPY_PHASE_STRIP = NO;
				DEBUG_INFORMATION_FORMAT = dwarf;
				ENABLE_STRICT_OBJC_MSGSEND = YES;
				ENABLE_TESTABILITY = YES;
				GCC_C_LANGUAGE_STANDARD = gnu99;
				GCC_DYNAMIC_NO_PIC = NO;
				GCC_NO_COMMON_BLOCKS = YES;
				GCC_OPTIMIZATION_LEVEL = 0;
				GCC_PREPROCESSOR_DEFINITIONS = (
					"DEBUG=1",
					"$(inherited)",
				);
				GCC_WARN_64_TO_32_BIT_CONVERSION = YES;
				GCC_WARN_ABOUT_RETURN_TYPE = YES_ERROR;
				GCC_WARN_UNDECLARED_SELECTOR = YES;
				GCC_WARN_UNINITIALIZED_AUTOS = YES_AGGRESSIVE;
				GCC_WARN_UNUSED_FUNCTION = YES;
				GCC_WARN_UNUSED_VARIABLE = YES;
				IPHONEOS_DEPLOYMENT_TARGET = 9.3;
				MTL_ENABLE_DEBUG_INFO = YES;
				ONLY_ACTIVE_ARCH = YES;
				SDKROOT = iphoneos;
				SWIFT_OPTIMIZATION_LEVEL = "-Onone";
				TARGETED_DEVICE_FAMILY = "1,2";
			};
			name = Debug;
		};
		45BF6C521D2E223D00325681 /* Release */ = {
			isa = XCBuildConfiguration;
			buildSettings = {
				ALWAYS_SEARCH_USER_PATHS = NO;
				CLANG_ANALYZER_NONNULL = YES;
				CLANG_CXX_LANGUAGE_STANDARD = "gnu++0x";
				CLANG_CXX_LIBRARY = "libc++";
				CLANG_ENABLE_MODULES = YES;
				CLANG_ENABLE_OBJC_ARC = YES;
				CLANG_WARN_BOOL_CONVERSION = YES;
				CLANG_WARN_CONSTANT_CONVERSION = YES;
				CLANG_WARN_DIRECT_OBJC_ISA_USAGE = YES_ERROR;
				CLANG_WARN_EMPTY_BODY = YES;
				CLANG_WARN_ENUM_CONVERSION = YES;
				CLANG_WARN_INT_CONVERSION = YES;
				CLANG_WARN_OBJC_ROOT_CLASS = YES_ERROR;
				CLANG_WARN_UNREACHABLE_CODE = YES;
				CLANG_WARN__DUPLICATE_METHOD_MATCH = YES;
				"CODE_SIGN_IDENTITY[sdk=iphoneos*]" = "iPhone Developer";
				COPY_PHASE_STRIP = NO;
				DEBUG_INFORMATION_FORMAT = "dwarf-with-dsym";
				ENABLE_NS_ASSERTIONS = NO;
				ENABLE_STRICT_OBJC_MSGSEND = YES;
				GCC_C_LANGUAGE_STANDARD = gnu99;
				GCC_NO_COMMON_BLOCKS = YES;
				GCC_WARN_64_TO_32_BIT_CONVERSION = YES;
				GCC_WARN_ABOUT_RETURN_TYPE = YES_ERROR;
				GCC_WARN_UNDECLARED_SELECTOR = YES;
				GCC_WARN_UNINITIALIZED_AUTOS = YES_AGGRESSIVE;
				GCC_WARN_UNUSED_FUNCTION = YES;
				GCC_WARN_UNUSED_VARIABLE = YES;
				IPHONEOS_DEPLOYMENT_TARGET = 9.3;
				MTL_ENABLE_DEBUG_INFO = NO;
				SDKROOT = iphoneos;
				TARGETED_DEVICE_FAMILY = "1,2";
				VALIDATE_PRODUCT = YES;
			};
			name = Release;
		};
		45BF6C541D2E223D00325681 /* Debug */ = {
			isa = XCBuildConfiguration;
			buildSettings = {
				ASSETCATALOG_COMPILER_APPICON_NAME = AppIcon;
				INFOPLIST_FILE = CustomSegue/Info.plist;
				LD_RUNPATH_SEARCH_PATHS = "$(inherited) @executable_path/Frameworks";
				PRODUCT_BUNDLE_IDENTIFIER = cn.beeth0ven.CustomSegue;
				PRODUCT_NAME = "$(TARGET_NAME)";
			};
			name = Debug;
		};
		45BF6C551D2E223D00325681 /* Release */ = {
			isa = XCBuildConfiguration;
			buildSettings = {
				ASSETCATALOG_COMPILER_APPICON_NAME = AppIcon;
				INFOPLIST_FILE = CustomSegue/Info.plist;
				LD_RUNPATH_SEARCH_PATHS = "$(inherited) @executable_path/Frameworks";
				PRODUCT_BUNDLE_IDENTIFIER = cn.beeth0ven.CustomSegue;
				PRODUCT_NAME = "$(TARGET_NAME)";
			};
			name = Release;
		};
/* End XCBuildConfiguration section */

/* Begin XCConfigurationList section */
		45BF6C3C1D2E223D00325681 /* Build configuration list for PBXProject "CustomSegue" */ = {
			isa = XCConfigurationList;
			buildConfigurations = (
				45BF6C511D2E223D00325681 /* Debug */,
				45BF6C521D2E223D00325681 /* Release */,
			);
			defaultConfigurationIsVisible = 0;
			defaultConfigurationName = Release;
		};
		45BF6C531D2E223D00325681 /* Build configuration list for PBXNativeTarget "CustomSegue" */ = {
			isa = XCConfigurationList;
			buildConfigurations = (
				45BF6C541D2E223D00325681 /* Debug */,
				45BF6C551D2E223D00325681 /* Release */,
			);
			defaultConfigurationIsVisible = 0;
			defaultConfigurationName = Release;
		};
/* End XCConfigurationList section */
	};
	rootObject = 45BF6C391D2E223D00325681 /* Project object */;
}
